
Microsoft Visual Studio Solution File, Format Version 12.00
# Visual Studio Version 17
VisualStudioVersion = 17.10.35027.167
MinimumVisualStudioVersion = 10.0.40219.1
Project("{FAE04EC0-301F-11D3-BF4B-00C04F79EFBC}") = "BlogCore", "BlogCore\BlogCore.csproj", "{C6B0D5C4-2295-45F9-BA94-4211C3ABF7FD}"
EndProject
Global
	GlobalSection(SolutionConfigurationPlatforms) = preSolution
		Debug|Any CPU = Debug|Any CPU
		Release|Any CPU = Release|Any CPU
	EndGlobalSection
	GlobalSection(ProjectConfigurationPlatforms) = postSolution
		{C6B0D5C4-2295-45F9-BA94-4211C3ABF7FD}.Debug|Any CPU.ActiveCfg = Debug|Any CPU
		{C6B0D5C4-2295-45F9-BA94-4211C3ABF7FD}.Debug|Any CPU.Build.0 = Debug|Any CPU
		{C6B0D5C4-2295-45F9-BA94-4211C3ABF7FD}.Release|Any CPU.ActiveCfg = Release|Any CPU
		{C6B0D5C4-2295-45F9-BA94-4211C3ABF7FD}.Release|Any CPU.Build.0 = Release|Any CPU
	EndGlobalSection
	GlobalSection(SolutionProperties) = preSolution
		HideSolutionNode = FALSE
	EndGlobalSection
	GlobalSection(ExtensibilityGlobals) = postSolution
		SolutionGuid = {461664FF-508C-420F-B82D-40D426E03CAA}
	EndGlobalSection
EndGlobal
